{
  "nodes": {
    "home-manager": {
      "inputs": {
        "nixpkgs": [
          "nixpkgs"
        ]
      },
      "locked": {
        "lastModified": 1717392041,
        "narHash": "sha256-GAVPZEa13tEX5b0wBCpOZU3jUF2yZb4vi4WeN/Gc2V0=",
        "owner": "sinanmohd",
        "repo": "home-manager",
        "rev": "fd6c12bfd7f9dd0987d5ce5cd749b34bd9f817ad",
        "type": "github"
      },
      "original": {
        "owner": "sinanmohd",
        "ref": "sway-generators",
        "repo": "home-manager",
        "type": "github"
      }
    },
    "nixos-hardware": {
      "locked": {
        "lastModified": 1724878143,
        "narHash": "sha256-UjpKo92iZ25M05kgSOw/Ti6VZwpgdlOa73zHj8OcaDk=",
        "owner": "NixOS",
        "repo": "nixos-hardware",
        "rev": "95c3dfe6ef2e96ddc1ccdd7194e3cda02ca9a8ef",
        "type": "github"
      },
      "original": {
        "owner": "NixOS",
        "ref": "master",
        "repo": "nixos-hardware",
        "type": "github"
      }
    },
    "nixpkgs": {
      "locked": {
        "lastModified": 1725103162,
        "narHash": "sha256-Ym04C5+qovuQDYL/rKWSR+WESseQBbNAe5DsXNx5trY=",
        "owner": "NixOs",
        "repo": "nixpkgs",
        "rev": "12228ff1752d7b7624a54e9c1af4b222b3c1073b",
        "type": "github"
      },
      "original": {
        "owner": "NixOs",
        "ref": "nixos-unstable",
        "repo": "nixpkgs",
        "type": "github"
      }
    },
    "nixpkgs-stable": {
      "locked": {
        "lastModified": 1721524707,
        "narHash": "sha256-5NctRsoE54N86nWd0psae70YSLfrOek3Kv1e8KoXe/0=",
        "owner": "NixOS",
        "repo": "nixpkgs",
        "rev": "556533a23879fc7e5f98dd2e0b31a6911a213171",
        "type": "github"
      },
      "original": {
        "owner": "NixOS",
        "ref": "release-24.05",
        "repo": "nixpkgs",
        "type": "github"
      }
    },
    "root": {
      "inputs": {
        "home-manager": "home-manager",
        "nixos-hardware": "nixos-hardware",
        "nixpkgs": "nixpkgs",
        "sops-nix": "sops-nix"
      }
    },
    "sops-nix": {
      "inputs": {
        "nixpkgs": [
          "nixpkgs"
        ],
        "nixpkgs-stable": "nixpkgs-stable"
      },
      "locked": {
        "lastModified": 1725201042,
        "narHash": "sha256-lj5pxOwidP0W//E7IvyhbhXrnEUW99I07+QpERnzTS4=",
        "owner": "Mic92",
        "repo": "sops-nix",
        "rev": "5db5921e40ae382d6716dce591ea23b0a39d96f7",
        "type": "github"
      },
      "original": {
        "owner": "Mic92",
        "repo": "sops-nix",
        "type": "github"
      }
    }
  },
  "root": "root",
  "version": 7
}
