{
  "nodes": {
    "home-manager": {
      "inputs": {
        "nixpkgs": [
          "nixpkgs"
        ]
      },
      "locked": {
        "lastModified": 1725470295,
        "narHash": "sha256-UX25pzUPpQHt1ar7xBK/SF+l90T2IJdERxHmESQKu8g=",
        "owner": "sinanmohd",
        "repo": "home-manager",
        "rev": "e0baccdd8d12c1cc5fb2077b7ad0946858e7d0ed",
        "type": "github"
      },
      "original": {
        "owner": "sinanmohd",
        "ref": "sway-generators",
        "repo": "home-manager",
        "type": "github"
      }
    },
    "nixos-hardware": {
      "locked": {
        "lastModified": 1728729581,
        "narHash": "sha256-oazkQ/z7r43YkDLLQdMg8oIB3CwWNb+2ZrYOxtLEWTQ=",
        "owner": "NixOS",
        "repo": "nixos-hardware",
        "rev": "a8dd1b21995964b115b1e3ec639dd6ce24ab9806",
        "type": "github"
      },
      "original": {
        "owner": "NixOS",
        "ref": "master",
        "repo": "nixos-hardware",
        "type": "github"
      }
    },
    "nixpkgs": {
      "locked": {
        "lastModified": 1728492678,
        "narHash": "sha256-9UTxR8eukdg+XZeHgxW5hQA9fIKHsKCdOIUycTryeVw=",
        "owner": "NixOs",
        "repo": "nixpkgs",
        "rev": "5633bcff0c6162b9e4b5f1264264611e950c8ec7",
        "type": "github"
      },
      "original": {
        "owner": "NixOs",
        "ref": "nixos-unstable",
        "repo": "nixpkgs",
        "type": "github"
      }
    },
    "nixpkgs-stable": {
      "locked": {
        "lastModified": 1728156290,
        "narHash": "sha256-uogSvuAp+1BYtdu6UWuObjHqSbBohpyARXDWqgI12Ss=",
        "owner": "NixOS",
        "repo": "nixpkgs",
        "rev": "17ae88b569bb15590549ff478bab6494dde4a907",
        "type": "github"
      },
      "original": {
        "owner": "NixOS",
        "ref": "release-24.05",
        "repo": "nixpkgs",
        "type": "github"
      }
    },
    "root": {
      "inputs": {
        "home-manager": "home-manager",
        "nixos-hardware": "nixos-hardware",
        "nixpkgs": "nixpkgs",
        "sops-nix": "sops-nix"
      }
    },
    "sops-nix": {
      "inputs": {
        "nixpkgs": [
          "nixpkgs"
        ],
        "nixpkgs-stable": "nixpkgs-stable"
      },
      "locked": {
        "lastModified": 1728345710,
        "narHash": "sha256-lpunY1+bf90ts+sA2/FgxVNIegPDKCpEoWwOPu4ITTQ=",
        "owner": "Mic92",
        "repo": "sops-nix",
        "rev": "06535d0e3d0201e6a8080dd32dbfde339b94f01b",
        "type": "github"
      },
      "original": {
        "owner": "Mic92",
        "repo": "sops-nix",
        "type": "github"
      }
    }
  },
  "root": "root",
  "version": 7
}
